
Microsoft Visual Studio Solution File, Format Version 12.00
# Visual Studio Version 17
VisualStudioVersion = 17.7.34031.279
MinimumVisualStudioVersion = 10.0.40219.1
Project("{FAE04EC0-301F-11D3-BF4B-00C04F79EFBC}") = "OOP Class Kavramı", "OOP Class Kavramı\OOP Class Kavramı.csproj", "{1919AF03-57CF-4DF9-ACF0-51214ACC9474}"
EndProject
Global
	GlobalSection(SolutionConfigurationPlatforms) = preSolution
		Debug|Any CPU = Debug|Any CPU
		Release|Any CPU = Release|Any CPU
	EndGlobalSection
	GlobalSection(ProjectConfigurationPlatforms) = postSolution
		{1919AF03-57CF-4DF9-ACF0-51214ACC9474}.Debug|Any CPU.ActiveCfg = Debug|Any CPU
		{1919AF03-57CF-4DF9-ACF0-51214ACC9474}.Debug|Any CPU.Build.0 = Debug|Any CPU
		{1919AF03-57CF-4DF9-ACF0-51214ACC9474}.Release|Any CPU.ActiveCfg = Release|Any CPU
		{1919AF03-57CF-4DF9-ACF0-51214ACC9474}.Release|Any CPU.Build.0 = Release|Any CPU
	EndGlobalSection
	GlobalSection(SolutionProperties) = preSolution
		HideSolutionNode = FALSE
	EndGlobalSection
	GlobalSection(ExtensibilityGlobals) = postSolution
		SolutionGuid = {E18300F0-3AA5-42D5-8085-F1B26710C937}
	EndGlobalSection
EndGlobal
