
Microsoft Visual Studio Solution File, Format Version 12.00
# Visual Studio Version 17
VisualStudioVersion = 17.7.34031.279
MinimumVisualStudioVersion = 10.0.40219.1
Project("{FAE04EC0-301F-11D3-BF4B-00C04F79EFBC}") = "Diziler", "Diziler\Diziler.csproj", "{F4DA7782-8ACD-400C-9809-8F494154CD42}"
EndProject
Global
	GlobalSection(SolutionConfigurationPlatforms) = preSolution
		Debug|Any CPU = Debug|Any CPU
		Release|Any CPU = Release|Any CPU
	EndGlobalSection
	GlobalSection(ProjectConfigurationPlatforms) = postSolution
		{F4DA7782-8ACD-400C-9809-8F494154CD42}.Debug|Any CPU.ActiveCfg = Debug|Any CPU
		{F4DA7782-8ACD-400C-9809-8F494154CD42}.Debug|Any CPU.Build.0 = Debug|Any CPU
		{F4DA7782-8ACD-400C-9809-8F494154CD42}.Release|Any CPU.ActiveCfg = Release|Any CPU
		{F4DA7782-8ACD-400C-9809-8F494154CD42}.Release|Any CPU.Build.0 = Release|Any CPU
	EndGlobalSection
	GlobalSection(SolutionProperties) = preSolution
		HideSolutionNode = FALSE
	EndGlobalSection
	GlobalSection(ExtensibilityGlobals) = postSolution
		SolutionGuid = {5DB946A4-D6DF-4830-9AAB-DF39A440F106}
	EndGlobalSection
EndGlobal
