
Microsoft Visual Studio Solution File, Format Version 12.00
# Visual Studio Version 17
VisualStudioVersion = 17.7.34031.279
MinimumVisualStudioVersion = 10.0.40219.1
Project("{FAE04EC0-301F-11D3-BF4B-00C04F79EFBC}") = "Params Keyword", "Params Keyword\Params Keyword.csproj", "{5DC5E3F2-6A39-4B5F-8A39-0C5C4B6564AA}"
EndProject
Global
	GlobalSection(SolutionConfigurationPlatforms) = preSolution
		Debug|Any CPU = Debug|Any CPU
		Release|Any CPU = Release|Any CPU
	EndGlobalSection
	GlobalSection(ProjectConfigurationPlatforms) = postSolution
		{5DC5E3F2-6A39-4B5F-8A39-0C5C4B6564AA}.Debug|Any CPU.ActiveCfg = Debug|Any CPU
		{5DC5E3F2-6A39-4B5F-8A39-0C5C4B6564AA}.Debug|Any CPU.Build.0 = Debug|Any CPU
		{5DC5E3F2-6A39-4B5F-8A39-0C5C4B6564AA}.Release|Any CPU.ActiveCfg = Release|Any CPU
		{5DC5E3F2-6A39-4B5F-8A39-0C5C4B6564AA}.Release|Any CPU.Build.0 = Release|Any CPU
	EndGlobalSection
	GlobalSection(SolutionProperties) = preSolution
		HideSolutionNode = FALSE
	EndGlobalSection
	GlobalSection(ExtensibilityGlobals) = postSolution
		SolutionGuid = {3F8449E9-4366-48A8-A737-EFEC3E3037AB}
	EndGlobalSection
EndGlobal
